
Microsoft Visual Studio Solution File, Format Version 12.00
# Visual Studio Version 16
VisualStudioVersion = 16.0.31624.102
MinimumVisualStudioVersion = 10.0.40219.1
Project("{8BC9CEB8-8B4A-11D0-8D11-00A0C91BC942}") = "Hayzen", "Hayzen\Hayzen.vcxproj", "{A8E8F997-DC8B-4C7D-9E6D-3D2C1158F231}"
EndProject
Project("{8BC9CEB8-8B4A-11D0-8D11-00A0C91BC942}") = "XexUtils", "XexUtils\XexUtils.vcxproj", "{C598D106-4F6D-4505-95DE-AA896A0AC7FA}"
EndProject
Global
	GlobalSection(SolutionConfigurationPlatforms) = preSolution
		Release|Xbox 360 = Release|Xbox 360
	EndGlobalSection
	GlobalSection(ProjectConfigurationPlatforms) = postSolution
		{A8E8F997-DC8B-4C7D-9E6D-3D2C1158F231}.Release|Xbox 360.ActiveCfg = Release|Xbox 360
		{A8E8F997-DC8B-4C7D-9E6D-3D2C1158F231}.Release|Xbox 360.Build.0 = Release|Xbox 360
		{A8E8F997-DC8B-4C7D-9E6D-3D2C1158F231}.Release|Xbox 360.Deploy.0 = Release|Xbox 360
		{C598D106-4F6D-4505-95DE-AA896A0AC7FA}.Release|Xbox 360.ActiveCfg = Release|Xbox 360
		{C598D106-4F6D-4505-95DE-AA896A0AC7FA}.Release|Xbox 360.Build.0 = Release|Xbox 360
		{C598D106-4F6D-4505-95DE-AA896A0AC7FA}.Release|Xbox 360.Deploy.0 = Release|Xbox 360
	EndGlobalSection
	GlobalSection(SolutionProperties) = preSolution
		HideSolutionNode = FALSE
	EndGlobalSection
EndGlobal
