
Microsoft Visual Studio Solution File, Format Version 11.00
# Visual Studio 2010
Project("{8BC9CEB8-8B4A-11D0-8D11-00A0C91BC942}") = "Hayzen", "Hayzen\Hayzen.vcxproj", "{A8E8F997-DC8B-4C7D-9E6D-3D2C1158F231}"
EndProject
Global
	GlobalSection(SolutionConfigurationPlatforms) = preSolution
		CodeAnalysis|Itanium = CodeAnalysis|Itanium
		CodeAnalysis|Xbox 360 = CodeAnalysis|Xbox 360
		Debug|Itanium = Debug|Itanium
		Debug|Xbox 360 = Debug|Xbox 360
		Profile_FastCap|Itanium = Profile_FastCap|Itanium
		Profile_FastCap|Xbox 360 = Profile_FastCap|Xbox 360
		Profile|Itanium = Profile|Itanium
		Profile|Xbox 360 = Profile|Xbox 360
		Release_LTCG|Itanium = Release_LTCG|Itanium
		Release_LTCG|Xbox 360 = Release_LTCG|Xbox 360
		Release|Itanium = Release|Itanium
		Release|Xbox 360 = Release|Xbox 360
	EndGlobalSection
	GlobalSection(ProjectConfigurationPlatforms) = postSolution
		{A8E8F997-DC8B-4C7D-9E6D-3D2C1158F231}.CodeAnalysis|Itanium.ActiveCfg = CodeAnalysis|Xbox 360
		{A8E8F997-DC8B-4C7D-9E6D-3D2C1158F231}.CodeAnalysis|Xbox 360.ActiveCfg = CodeAnalysis|Xbox 360
		{A8E8F997-DC8B-4C7D-9E6D-3D2C1158F231}.CodeAnalysis|Xbox 360.Build.0 = CodeAnalysis|Xbox 360
		{A8E8F997-DC8B-4C7D-9E6D-3D2C1158F231}.Debug|Itanium.ActiveCfg = Debug|Xbox 360
		{A8E8F997-DC8B-4C7D-9E6D-3D2C1158F231}.Debug|Xbox 360.ActiveCfg = Debug|Xbox 360
		{A8E8F997-DC8B-4C7D-9E6D-3D2C1158F231}.Debug|Xbox 360.Build.0 = Debug|Xbox 360
		{A8E8F997-DC8B-4C7D-9E6D-3D2C1158F231}.Profile_FastCap|Itanium.ActiveCfg = Profile_FastCap|Xbox 360
		{A8E8F997-DC8B-4C7D-9E6D-3D2C1158F231}.Profile_FastCap|Xbox 360.ActiveCfg = Profile_FastCap|Xbox 360
		{A8E8F997-DC8B-4C7D-9E6D-3D2C1158F231}.Profile_FastCap|Xbox 360.Build.0 = Profile_FastCap|Xbox 360
		{A8E8F997-DC8B-4C7D-9E6D-3D2C1158F231}.Profile|Itanium.ActiveCfg = Profile|Xbox 360
		{A8E8F997-DC8B-4C7D-9E6D-3D2C1158F231}.Profile|Xbox 360.ActiveCfg = Profile|Xbox 360
		{A8E8F997-DC8B-4C7D-9E6D-3D2C1158F231}.Profile|Xbox 360.Build.0 = Profile|Xbox 360
		{A8E8F997-DC8B-4C7D-9E6D-3D2C1158F231}.Release_LTCG|Itanium.ActiveCfg = Release_LTCG|Xbox 360
		{A8E8F997-DC8B-4C7D-9E6D-3D2C1158F231}.Release_LTCG|Xbox 360.ActiveCfg = Release_LTCG|Xbox 360
		{A8E8F997-DC8B-4C7D-9E6D-3D2C1158F231}.Release_LTCG|Xbox 360.Build.0 = Release_LTCG|Xbox 360
		{A8E8F997-DC8B-4C7D-9E6D-3D2C1158F231}.Release|Itanium.ActiveCfg = Release|Xbox 360
		{A8E8F997-DC8B-4C7D-9E6D-3D2C1158F231}.Release|Xbox 360.ActiveCfg = Release|Xbox 360
		{A8E8F997-DC8B-4C7D-9E6D-3D2C1158F231}.Release|Xbox 360.Build.0 = Release|Xbox 360
	EndGlobalSection
	GlobalSection(SolutionProperties) = preSolution
		HideSolutionNode = FALSE
	EndGlobalSection
EndGlobal
