<?xml version="1.0" encoding="utf-8"?>
<Project ToolsVersion="4.0" xmlns="http://schemas.microsoft.com/developer/msbuild/2003">
  <ItemGroup>
    <ClCompile Include="src\pch.cpp" />
    <ClCompile Include="src\Core\Plugin.cpp" />
    <ClCompile Include="src\main.cpp" />
    <ClCompile Include="src\Core\Title.cpp" />
    <ClCompile Include="src\Games\AlphaMW2\GameFunctions.cpp" />
    <ClCompile Include="src\Games\AlphaMW2\AlphaMW2Title.cpp" />
    <ClCompile Include="src\UI\Line.cpp" />
    <ClCompile Include="src\UI\Renderer.cpp" />
    <ClCompile Include="src\UI\Rectangle.cpp" />
    <ClCompile Include="src\UI\Border.cpp" />
    <ClCompile Include="src\UI\Text.cpp" />
    <ClCompile Include="src\UI\Layout.cpp" />
    <ClCompile Include="src\Core\Input.cpp" />
    <ClCompile Include="src\Core\Menu.cpp" />
    <ClCompile Include="src\Core\OptionGroup.cpp" />
    <ClCompile Include="src\Options\Option.cpp" />
    <ClCompile Include="src\Options\ClickOption.cpp" />
    <ClCompile Include="src\Options\ColorPickerOption.cpp" />
    <ClCompile Include="src\Options\RangeOption.cpp" />
    <ClCompile Include="src\Options\SubOptionGroup.cpp" />
    <ClCompile Include="src\Options\ToggleOption.cpp" />
    <ClCompile Include="src\Core\Callbacks.cpp" />
    <ClCompile Include="src\Games\AlphaMW2\MenuFunctions.cpp" />
    <ClCompile Include="src\Core\Context.cpp" />
  </ItemGroup>
  <ItemGroup>
    <ClInclude Include="src\pch.h" />
    <ClInclude Include="src\Core\Plugin.h" />
    <ClInclude Include="src\Core\Title.h" />
    <ClInclude Include="src\Games\AlphaMW2\GameFunctions.h" />
    <ClInclude Include="src\Games\AlphaMW2\Structs.h" />
    <ClInclude Include="src\Games\AlphaMW2\AlphaMW2Title.h" />
    <ClInclude Include="src\Core\Bits.h" />
    <ClInclude Include="src\UI\Line.h" />
    <ClInclude Include="src\UI\Renderer.h" />
    <ClInclude Include="src\UI\Rectangle.h" />
    <ClInclude Include="src\UI\Border.h" />
    <ClInclude Include="src\UI\Text.h" />
    <ClInclude Include="src\UI\Layout.h" />
    <ClInclude Include="src\Core\Input.h" />
    <ClInclude Include="src\Core\Menu.h" />
    <ClInclude Include="src\Core\OptionGroup.h" />
    <ClInclude Include="src\Options\Option.h" />
    <ClInclude Include="src\Options\ClickOption.h" />
    <ClInclude Include="src\Options\ColorPickerOption.h" />
    <ClInclude Include="src\Options\RangeOption.h" />
    <ClInclude Include="src\Options\SubOptionGroup.h" />
    <ClInclude Include="src\Options\ToggleOption.h" />
    <ClInclude Include="src\Core\Callbacks.h" />
    <ClInclude Include="src\Games\Common\CommonFunctions.h" />
    <ClInclude Include="src\Games\Common\MultiplayerFunctions.h" />
    <ClInclude Include="src\Games\AlphaMW2\MenuFunctions.h" />
    <ClInclude Include="src\Core\Context.h" />
  </ItemGroup>
  <ItemGroup>
    <None Include=".editorconfig" />
  </ItemGroup>
</Project>