<?xml version="1.0" encoding="utf-8"?>
<Project ToolsVersion="4.0" xmlns="http://schemas.microsoft.com/developer/msbuild/2003">
  <ItemGroup>
    <ClCompile Include="src\pch.cpp" />
    <ClCompile Include="src\Core\Plugin.cpp" />
    <ClCompile Include="src\main.cpp" />
    <ClCompile Include="src\Core\Menu.cpp" />
    <ClCompile Include="src\Core\Option.cpp" />
    <ClCompile Include="src\Elements\HudElem.cpp" />
    <ClCompile Include="src\Elements\Text.cpp" />
    <ClCompile Include="src\Elements\Rectangle.cpp" />
    <ClCompile Include="src\Core\Game.cpp" />
    <ClCompile Include="src\Games\MW2\MW2.cpp" />
    <ClCompile Include="src\Games\MW2\MenuFunctions.cpp" />
    <ClCompile Include="src\Core\AtgInput.cpp" />
  </ItemGroup>
  <ItemGroup>
    <ClInclude Include="src\Games\Games.h" />
    <ClInclude Include="src\pch.h" />
    <ClInclude Include="src\Core\Plugin.h" />
    <ClInclude Include="src\Core\Menu.h" />
    <ClInclude Include="src\Core\Option.h" />
    <ClInclude Include="src\Core\Game.h" />
    <ClInclude Include="src\Elements\HudElem.h" />
    <ClInclude Include="src\Elements\Text.h" />
    <ClInclude Include="src\Elements\Rectangle.h" />
    <ClInclude Include="src\Games\MW2\MW2.h" />
    <ClInclude Include="src\Games\MW2\MenuFunctions.h" />
    <ClInclude Include="src\Core\AtgInput.h" />
  </ItemGroup>
</Project>