<?xml version="1.0" encoding="utf-8"?>
<Project ToolsVersion="4.0" xmlns="http://schemas.microsoft.com/developer/msbuild/2003">
  <ItemGroup>
    <ClCompile Include="src\Hayzen.cpp" />
    <ClCompile Include="src\pch.cpp" />
    <ClCompile Include="src\Core\Plugin.cpp" />
    <ClCompile Include="src\Games\MW2\MW2.cpp" />
    <ClCompile Include="src\Games\Dashboard\Dashboard.cpp" />
    <ClCompile Include="src\Games\MW2\Functions.cpp" />
    <ClCompile Include="src\Games\MW2\Client.cpp" />
    <ClCompile Include="src\Games\MW2\Menu.cpp" />
    <ClCompile Include="src\Games\MW2\Option.cpp" />
    <ClCompile Include="src\Games\Alpha\MW2\Client.cpp" />
    <ClCompile Include="src\Games\Alpha\MW2\Functions.cpp" />
    <ClCompile Include="src\Games\Alpha\MW2\Menu.cpp" />
    <ClCompile Include="src\Games\Alpha\MW2\MW2.cpp" />
    <ClCompile Include="src\Games\Alpha\MW2\Option.cpp" />
    <ClCompile Include="src\Games\MW3\Client.cpp" />
    <ClCompile Include="src\Games\MW3\Functions.cpp" />
    <ClCompile Include="src\Games\MW3\HudElem.cpp" />
    <ClCompile Include="src\Games\MW3\Menu.cpp" />
    <ClCompile Include="src\Games\MW3\MW3.cpp" />
    <ClCompile Include="src\Games\MW3\Option.cpp" />
    <ClCompile Include="src\Games\SpecOps\MW3\Client.cpp" />
    <ClCompile Include="src\Games\SpecOps\MW3\Functions.cpp" />
    <ClCompile Include="src\Games\SpecOps\MW3\Menu.cpp" />
    <ClCompile Include="src\Games\SpecOps\MW3\MW3.cpp" />
    <ClCompile Include="src\Games\SpecOps\MW3\Option.cpp" />
    <ClCompile Include="src\Games\SpecOps\MW3\RectangleElem.cpp" />
    <ClCompile Include="src\Games\SpecOps\MW3\TextElem.cpp" />
    <ClCompile Include="src\Core\HudElem.cpp" />
    <ClCompile Include="src\Games\Alpha\MW2\RectangleElem.cpp" />
    <ClCompile Include="src\Games\Alpha\MW2\TextElem.cpp" />
    <ClCompile Include="src\Games\MW2\TextElem.cpp" />
    <ClCompile Include="src\Games\MW2\RectangleElem.cpp" />
    <ClCompile Include="src\Games\MW2\HudElem.cpp" />
    <ClCompile Include="src\Games\MW3\TextElem.cpp" />
    <ClCompile Include="src\Games\MW3\RectangleElem.cpp" />
  </ItemGroup>
  <ItemGroup>
    <ClInclude Include="src\Games\Games.h" />
    <ClInclude Include="src\pch.h" />
    <ClInclude Include="src\Core\Plugin.h" />
    <ClInclude Include="src\Games\MW2\MW2.h" />
    <ClInclude Include="src\Games\Dashboard\Dashboard.h" />
    <ClInclude Include="src\Games\MW2\Structs.h" />
    <ClInclude Include="src\Games\MW2\Functions.h" />
    <ClInclude Include="src\Games\MW2\Client.h" />
    <ClInclude Include="src\Games\MW2\Menu.h" />
    <ClInclude Include="src\Games\MW2\Option.h" />
    <ClInclude Include="src\Games\Alpha\MW2\Structs.h" />
    <ClInclude Include="src\Games\Alpha\MW2\Client.h" />
    <ClInclude Include="src\Games\Alpha\MW2\Functions.h" />
    <ClInclude Include="src\Games\Alpha\MW2\Menu.h" />
    <ClInclude Include="src\Games\Alpha\MW2\MW2.h" />
    <ClInclude Include="src\Games\Alpha\MW2\Option.h" />
    <ClInclude Include="src\Games\MW3\Structs.h" />
    <ClInclude Include="src\Games\MW3\Client.h" />
    <ClInclude Include="src\Games\MW3\Functions.h" />
    <ClInclude Include="src\Games\MW3\HudElem.h" />
    <ClInclude Include="src\Games\MW3\Menu.h" />
    <ClInclude Include="src\Games\MW3\MW3.h" />
    <ClInclude Include="src\Games\MW3\Option.h" />
    <ClInclude Include="src\Games\SpecOps\MW3\Client.h" />
    <ClInclude Include="src\Games\SpecOps\MW3\Functions.h" />
    <ClInclude Include="src\Games\SpecOps\MW3\Menu.h" />
    <ClInclude Include="src\Games\SpecOps\MW3\MW3.h" />
    <ClInclude Include="src\Games\SpecOps\MW3\Option.h" />
    <ClInclude Include="src\Games\SpecOps\MW3\Structs.h" />
    <ClInclude Include="src\Games\SpecOps\MW3\RectangleElem.h" />
    <ClInclude Include="src\Games\SpecOps\MW3\TextElem.h" />
    <ClInclude Include="src\Core\HudElem.h" />
    <ClInclude Include="src\Games\Alpha\MW2\RectangleElem.h" />
    <ClInclude Include="src\Games\Alpha\MW2\TextElem.h" />
    <ClInclude Include="src\Games\Alpha\MW2\Events.h" />
    <ClInclude Include="src\Games\SpecOps\MW3\Events.h" />
    <ClInclude Include="src\Games\MW2\TextElem.h" />
    <ClInclude Include="src\Games\MW2\RectangleElem.h" />
    <ClInclude Include="src\Games\MW2\Events.h" />
    <ClInclude Include="src\Games\MW2\HudElem.h" />
    <ClInclude Include="src\Games\MW3\TextElem.h" />
    <ClInclude Include="src\Games\MW3\RectangleElem.h" />
    <ClInclude Include="src\Games\MW3\Events.h" />
  </ItemGroup>
</Project>